// !$*UTF8*$!
{
	archiveVersion = 1;
	classes = {
	};
	objectVersion = 77;
	objects = {

/* Begin PBXBuildFile section */
		3D4198F62DB6CACE0052DBAD /* landmarkData.json in Resources */ = {isa = PBXBuildFile; fileRef = 3D4198EC2DB6CACE0052DBAD /* landmarkData.json */; };
		3D4198F72DB6CACE0052DBAD /* Assets.xcassets in Resources */ = {isa = PBXBuildFile; fileRef = 3D4198F22DB6CACE0052DBAD /* Assets.xcassets */; };
		3D4198F82DB6CACE0052DBAD /* Landmark.swift in Sources */ = {isa = PBXBuildFile; fileRef = 3D4198E92DB6CACE0052DBAD /* Landmark.swift */; };
		3D4198F92DB6CACE0052DBAD /* ModelData.swift in Sources */ = {isa = PBXBuildFile; fileRef = 3D4198EA2DB6CACE0052DBAD /* ModelData.swift */; };
		3D4198FA2DB6CACE0052DBAD /*  CircleImage.swift in Sources */ = {isa = PBXBuildFile; fileRef = 3D4198EE2DB6CACE0052DBAD /*  CircleImage.swift */; };
		3D4198FB2DB6CACE0052DBAD /* ContentView.swift in Sources */ = {isa = PBXBuildFile; fileRef = 3D4198EF2DB6CACE0052DBAD /* ContentView.swift */; };
		3D4198FC2DB6CACE0052DBAD /* MapView.swift in Sources */ = {isa = PBXBuildFile; fileRef = 3D4198F02DB6CACE0052DBAD /* MapView.swift */; };
		3D4198FD2DB6CACE0052DBAD /* Item.swift in Sources */ = {isa = PBXBuildFile; fileRef = 3D4198F32DB6CACE0052DBAD /* Item.swift */; };
		3D4198FE2DB6CACE0052DBAD /* Landmarks_devApp.swift in Sources */ = {isa = PBXBuildFile; fileRef = 3D4198F42DB6CACE0052DBAD /* Landmarks_devApp.swift */; };
		3D4199002DB6CF150052DBAD /* LandmarkRow.swift in Sources */ = {isa = PBXBuildFile; fileRef = 3D4198FF2DB6CF150052DBAD /* LandmarkRow.swift */; };
		3D4199022DB6D5DD0052DBAD /* LandmarkList.swift in Sources */ = {isa = PBXBuildFile; fileRef = 3D4199012DB6D5DD0052DBAD /* LandmarkList.swift */; };
		3D4199042DB6DE3D0052DBAD /* LandmarkDetail.swift in Sources */ = {isa = PBXBuildFile; fileRef = 3D4199032DB6DE3D0052DBAD /* LandmarkDetail.swift */; };
/* End PBXBuildFile section */

/* Begin PBXContainerItemProxy section */
		3D79E73C2DB6A3B1002FE927 /* PBXContainerItemProxy */ = {
			isa = PBXContainerItemProxy;
			containerPortal = 3D79E7242DB6A3AF002FE927 /* Project object */;
			proxyType = 1;
			remoteGlobalIDString = 3D79E72B2DB6A3AF002FE927;
			remoteInfo = "Landmarks-dev";
		};
		3D79E7462DB6A3B1002FE927 /* PBXContainerItemProxy */ = {
			isa = PBXContainerItemProxy;
			containerPortal = 3D79E7242DB6A3AF002FE927 /* Project object */;
			proxyType = 1;
			remoteGlobalIDString = 3D79E72B2DB6A3AF002FE927;
			remoteInfo = "Landmarks-dev";
		};
/* End PBXContainerItemProxy section */

/* Begin PBXFileReference section */
		3D4198E92DB6CACE0052DBAD /* Landmark.swift */ = {isa = PBXFileReference; lastKnownFileType = sourcecode.swift; path = Landmark.swift; sourceTree = "<group>"; };
		3D4198EA2DB6CACE0052DBAD /* ModelData.swift */ = {isa = PBXFileReference; lastKnownFileType = sourcecode.swift; path = ModelData.swift; sourceTree = "<group>"; };
		3D4198EC2DB6CACE0052DBAD /* landmarkData.json */ = {isa = PBXFileReference; lastKnownFileType = text.json; path = landmarkData.json; sourceTree = "<group>"; };
		3D4198EE2DB6CACE0052DBAD /*  CircleImage.swift */ = {isa = PBXFileReference; lastKnownFileType = sourcecode.swift; path = " CircleImage.swift"; sourceTree = "<group>"; };
		3D4198EF2DB6CACE0052DBAD /* ContentView.swift */ = {isa = PBXFileReference; lastKnownFileType = sourcecode.swift; path = ContentView.swift; sourceTree = "<group>"; };
		3D4198F02DB6CACE0052DBAD /* MapView.swift */ = {isa = PBXFileReference; lastKnownFileType = sourcecode.swift; path = MapView.swift; sourceTree = "<group>"; };
		3D4198F22DB6CACE0052DBAD /* Assets.xcassets */ = {isa = PBXFileReference; lastKnownFileType = folder.assetcatalog; path = Assets.xcassets; sourceTree = "<group>"; };
		3D4198F32DB6CACE0052DBAD /* Item.swift */ = {isa = PBXFileReference; lastKnownFileType = sourcecode.swift; path = Item.swift; sourceTree = "<group>"; };
		3D4198F42DB6CACE0052DBAD /* Landmarks_devApp.swift */ = {isa = PBXFileReference; lastKnownFileType = sourcecode.swift; path = Landmarks_devApp.swift; sourceTree = "<group>"; };
		3D4198FF2DB6CF150052DBAD /* LandmarkRow.swift */ = {isa = PBXFileReference; lastKnownFileType = sourcecode.swift; path = LandmarkRow.swift; sourceTree = "<group>"; };
		3D4199012DB6D5DD0052DBAD /* LandmarkList.swift */ = {isa = PBXFileReference; lastKnownFileType = sourcecode.swift; path = LandmarkList.swift; sourceTree = "<group>"; };
		3D4199032DB6DE3D0052DBAD /* LandmarkDetail.swift */ = {isa = PBXFileReference; lastKnownFileType = sourcecode.swift; path = LandmarkDetail.swift; sourceTree = "<group>"; };
		3D79E72C2DB6A3AF002FE927 /* Landmarks-dev.app */ = {isa = PBXFileReference; explicitFileType = wrapper.application; includeInIndex = 0; path = "Landmarks-dev.app"; sourceTree = BUILT_PRODUCTS_DIR; };
		3D79E73B2DB6A3B1002FE927 /* Landmarks-devTests.xctest */ = {isa = PBXFileReference; explicitFileType = wrapper.cfbundle; includeInIndex = 0; path = "Landmarks-devTests.xctest"; sourceTree = BUILT_PRODUCTS_DIR; };
		3D79E7452DB6A3B1002FE927 /* Landmarks-devUITests.xctest */ = {isa = PBXFileReference; explicitFileType = wrapper.cfbundle; includeInIndex = 0; path = "Landmarks-devUITests.xctest"; sourceTree = BUILT_PRODUCTS_DIR; };
/* End PBXFileReference section */

/* Begin PBXFileSystemSynchronizedRootGroup section */
		3D79E73E2DB6A3B1002FE927 /* Landmarks-devTests */ = {
			isa = PBXFileSystemSynchronizedRootGroup;
			path = "Landmarks-devTests";
			sourceTree = "<group>";
		};
		3D79E7482DB6A3B1002FE927 /* Landmarks-devUITests */ = {
			isa = PBXFileSystemSynchronizedRootGroup;
			path = "Landmarks-devUITests";
			sourceTree = "<group>";
		};
/* End PBXFileSystemSynchronizedRootGroup section */

/* Begin PBXFrameworksBuildPhase section */
		3D79E7292DB6A3AF002FE927 /* Frameworks */ = {
			isa = PBXFrameworksBuildPhase;
			buildActionMask = 2147483647;
			files = (
			);
			runOnlyForDeploymentPostprocessing = 0;
		};
		3D79E7382DB6A3B1002FE927 /* Frameworks */ = {
			isa = PBXFrameworksBuildPhase;
			buildActionMask = 2147483647;
			files = (
			);
			runOnlyForDeploymentPostprocessing = 0;
		};
		3D79E7422DB6A3B1002FE927 /* Frameworks */ = {
			isa = PBXFrameworksBuildPhase;
			buildActionMask = 2147483647;
			files = (
			);
			runOnlyForDeploymentPostprocessing = 0;
		};
/* End PBXFrameworksBuildPhase section */

/* Begin PBXGroup section */
		3D4198EB2DB6CACE0052DBAD /* Model */ = {
			isa = PBXGroup;
			children = (
				3D4198E92DB6CACE0052DBAD /* Landmark.swift */,
				3D4198EA2DB6CACE0052DBAD /* ModelData.swift */,
			);
			path = Model;
			sourceTree = "<group>";
		};
		3D4198ED2DB6CACE0052DBAD /* Resources */ = {
			isa = PBXGroup;
			children = (
				3D4198EC2DB6CACE0052DBAD /* landmarkData.json */,
			);
			path = Resources;
			sourceTree = "<group>";
		};
		3D4198F12DB6CACE0052DBAD /* Views */ = {
			isa = PBXGroup;
			children = (
				3D4198EE2DB6CACE0052DBAD /*  CircleImage.swift */,
				3D4198EF2DB6CACE0052DBAD /* ContentView.swift */,
				3D4198F02DB6CACE0052DBAD /* MapView.swift */,
				3D4198FF2DB6CF150052DBAD /* LandmarkRow.swift */,
				3D4199012DB6D5DD0052DBAD /* LandmarkList.swift */,
				3D4199032DB6DE3D0052DBAD /* LandmarkDetail.swift */,
			);
			path = Views;
			sourceTree = "<group>";
		};
		3D4198F52DB6CACE0052DBAD /* Landmarks-dev */ = {
			isa = PBXGroup;
			children = (
				3D4198EB2DB6CACE0052DBAD /* Model */,
				3D4198ED2DB6CACE0052DBAD /* Resources */,
				3D4198F12DB6CACE0052DBAD /* Views */,
				3D4198F22DB6CACE0052DBAD /* Assets.xcassets */,
				3D4198F32DB6CACE0052DBAD /* Item.swift */,
				3D4198F42DB6CACE0052DBAD /* Landmarks_devApp.swift */,
			);
			path = "Landmarks-dev";
			sourceTree = "<group>";
		};
		3D79E7232DB6A3AF002FE927 = {
			isa = PBXGroup;
			children = (
				3D4198F52DB6CACE0052DBAD /* Landmarks-dev */,
				3D79E73E2DB6A3B1002FE927 /* Landmarks-devTests */,
				3D79E7482DB6A3B1002FE927 /* Landmarks-devUITests */,
				3D79E72D2DB6A3AF002FE927 /* Products */,
			);
			sourceTree = "<group>";
		};
		3D79E72D2DB6A3AF002FE927 /* Products */ = {
			isa = PBXGroup;
			children = (
				3D79E72C2DB6A3AF002FE927 /* Landmarks-dev.app */,
				3D79E73B2DB6A3B1002FE927 /* Landmarks-devTests.xctest */,
				3D79E7452DB6A3B1002FE927 /* Landmarks-devUITests.xctest */,
			);
			name = Products;
			sourceTree = "<group>";
		};
/* End PBXGroup section */

/* Begin PBXNativeTarget section */
		3D79E72B2DB6A3AF002FE927 /* Landmarks-dev */ = {
			isa = PBXNativeTarget;
			buildConfigurationList = 3D79E74F2DB6A3B1002FE927 /* Build configuration list for PBXNativeTarget "Landmarks-dev" */;
			buildPhases = (
				3D79E7282DB6A3AF002FE927 /* Sources */,
				3D79E7292DB6A3AF002FE927 /* Frameworks */,
				3D79E72A2DB6A3AF002FE927 /* Resources */,
			);
			buildRules = (
			);
			dependencies = (
			);
			name = "Landmarks-dev";
			packageProductDependencies = (
			);
			productName = "Landmarks-dev";
			productReference = 3D79E72C2DB6A3AF002FE927 /* Landmarks-dev.app */;
			productType = "com.apple.product-type.application";
		};
		3D79E73A2DB6A3B1002FE927 /* Landmarks-devTests */ = {
			isa = PBXNativeTarget;
			buildConfigurationList = 3D79E7522DB6A3B1002FE927 /* Build configuration list for PBXNativeTarget "Landmarks-devTests" */;
			buildPhases = (
				3D79E7372DB6A3B1002FE927 /* Sources */,
				3D79E7382DB6A3B1002FE927 /* Frameworks */,
				3D79E7392DB6A3B1002FE927 /* Resources */,
			);
			buildRules = (
			);
			dependencies = (
				3D79E73D2DB6A3B1002FE927 /* PBXTargetDependency */,
			);
			fileSystemSynchronizedGroups = (
				3D79E73E2DB6A3B1002FE927 /* Landmarks-devTests */,
			);
			name = "Landmarks-devTests";
			packageProductDependencies = (
			);
			productName = "Landmarks-devTests";
			productReference = 3D79E73B2DB6A3B1002FE927 /* Landmarks-devTests.xctest */;
			productType = "com.apple.product-type.bundle.unit-test";
		};
		3D79E7442DB6A3B1002FE927 /* Landmarks-devUITests */ = {
			isa = PBXNativeTarget;
			buildConfigurationList = 3D79E7552DB6A3B1002FE927 /* Build configuration list for PBXNativeTarget "Landmarks-devUITests" */;
			buildPhases = (
				3D79E7412DB6A3B1002FE927 /* Sources */,
				3D79E7422DB6A3B1002FE927 /* Frameworks */,
				3D79E7432DB6A3B1002FE927 /* Resources */,
			);
			buildRules = (
			);
			dependencies = (
				3D79E7472DB6A3B1002FE927 /* PBXTargetDependency */,
			);
			fileSystemSynchronizedGroups = (
				3D79E7482DB6A3B1002FE927 /* Landmarks-devUITests */,
			);
			name = "Landmarks-devUITests";
			packageProductDependencies = (
			);
			productName = "Landmarks-devUITests";
			productReference = 3D79E7452DB6A3B1002FE927 /* Landmarks-devUITests.xctest */;
			productType = "com.apple.product-type.bundle.ui-testing";
		};
/* End PBXNativeTarget section */

/* Begin PBXProject section */
		3D79E7242DB6A3AF002FE927 /* Project object */ = {
			isa = PBXProject;
			attributes = {
				BuildIndependentTargetsInParallel = 1;
				LastSwiftUpdateCheck = 1630;
				LastUpgradeCheck = 1630;
				TargetAttributes = {
					3D79E72B2DB6A3AF002FE927 = {
						CreatedOnToolsVersion = 16.3;
					};
					3D79E73A2DB6A3B1002FE927 = {
						CreatedOnToolsVersion = 16.3;
						TestTargetID = 3D79E72B2DB6A3AF002FE927;
					};
					3D79E7442DB6A3B1002FE927 = {
						CreatedOnToolsVersion = 16.3;
						TestTargetID = 3D79E72B2DB6A3AF002FE927;
					};
				};
			};
			buildConfigurationList = 3D79E7272DB6A3AF002FE927 /* Build configuration list for PBXProject "Landmarks-dev" */;
			developmentRegion = en;
			hasScannedForEncodings = 0;
			knownRegions = (
				en,
				Base,
			);
			mainGroup = 3D79E7232DB6A3AF002FE927;
			minimizedProjectReferenceProxies = 1;
			preferredProjectObjectVersion = 77;
			productRefGroup = 3D79E72D2DB6A3AF002FE927 /* Products */;
			projectDirPath = "";
			projectRoot = "";
			targets = (
				3D79E72B2DB6A3AF002FE927 /* Landmarks-dev */,
				3D79E73A2DB6A3B1002FE927 /* Landmarks-devTests */,
				3D79E7442DB6A3B1002FE927 /* Landmarks-devUITests */,
			);
		};
/* End PBXProject section */

/* Begin PBXResourcesBuildPhase section */
		3D79E72A2DB6A3AF002FE927 /* Resources */ = {
			isa = PBXResourcesBuildPhase;
			buildActionMask = 2147483647;
			files = (
				3D4198F62DB6CACE0052DBAD /* landmarkData.json in Resources */,
				3D4198F72DB6CACE0052DBAD /* Assets.xcassets in Resources */,
			);
			runOnlyForDeploymentPostprocessing = 0;
		};
		3D79E7392DB6A3B1002FE927 /* Resources */ = {
			isa = PBXResourcesBuildPhase;
			buildActionMask = 2147483647;
			files = (
			);
			runOnlyForDeploymentPostprocessing = 0;
		};
		3D79E7432DB6A3B1002FE927 /* Resources */ = {
			isa = PBXResourcesBuildPhase;
			buildActionMask = 2147483647;
			files = (
			);
			runOnlyForDeploymentPostprocessing = 0;
		};
/* End PBXResourcesBuildPhase section */

/* Begin PBXSourcesBuildPhase section */
		3D79E7282DB6A3AF002FE927 /* Sources */ = {
			isa = PBXSourcesBuildPhase;
			buildActionMask = 2147483647;
			files = (
				3D4198F82DB6CACE0052DBAD /* Landmark.swift in Sources */,
				3D4198F92DB6CACE0052DBAD /* ModelData.swift in Sources */,
				3D4199002DB6CF150052DBAD /* LandmarkRow.swift in Sources */,
				3D4198FA2DB6CACE0052DBAD /*  CircleImage.swift in Sources */,
				3D4199022DB6D5DD0052DBAD /* LandmarkList.swift in Sources */,
				3D4198FB2DB6CACE0052DBAD /* ContentView.swift in Sources */,
				3D4198FC2DB6CACE0052DBAD /* MapView.swift in Sources */,
				3D4198FD2DB6CACE0052DBAD /* Item.swift in Sources */,
				3D4199042DB6DE3D0052DBAD /* LandmarkDetail.swift in Sources */,
				3D4198FE2DB6CACE0052DBAD /* Landmarks_devApp.swift in Sources */,
			);
			runOnlyForDeploymentPostprocessing = 0;
		};
		3D79E7372DB6A3B1002FE927 /* Sources */ = {
			isa = PBXSourcesBuildPhase;
			buildActionMask = 2147483647;
			files = (
			);
			runOnlyForDeploymentPostprocessing = 0;
		};
		3D79E7412DB6A3B1002FE927 /* Sources */ = {
			isa = PBXSourcesBuildPhase;
			buildActionMask = 2147483647;
			files = (
			);
			runOnlyForDeploymentPostprocessing = 0;
		};
/* End PBXSourcesBuildPhase section */

/* Begin PBXTargetDependency section */
		3D79E73D2DB6A3B1002FE927 /* PBXTargetDependency */ = {
			isa = PBXTargetDependency;
			target = 3D79E72B2DB6A3AF002FE927 /* Landmarks-dev */;
			targetProxy = 3D79E73C2DB6A3B1002FE927 /* PBXContainerItemProxy */;
		};
		3D79E7472DB6A3B1002FE927 /* PBXTargetDependency */ = {
			isa = PBXTargetDependency;
			target = 3D79E72B2DB6A3AF002FE927 /* Landmarks-dev */;
			targetProxy = 3D79E7462DB6A3B1002FE927 /* PBXContainerItemProxy */;
		};
/* End PBXTargetDependency section */

/* Begin XCBuildConfiguration section */
		3D79E74D2DB6A3B1002FE927 /* Debug */ = {
			isa = XCBuildConfiguration;
			buildSettings = {
				ALWAYS_SEARCH_USER_PATHS = NO;
				ASSETCATALOG_COMPILER_GENERATE_SWIFT_ASSET_SYMBOL_EXTENSIONS = YES;
				CLANG_ANALYZER_NONNULL = YES;
				CLANG_ANALYZER_NUMBER_OBJECT_CONVERSION = YES_AGGRESSIVE;
				CLANG_CXX_LANGUAGE_STANDARD = "gnu++20";
				CLANG_ENABLE_MODULES = YES;
				CLANG_ENABLE_OBJC_ARC = YES;
				CLANG_ENABLE_OBJC_WEAK = YES;
				CLANG_WARN_BLOCK_CAPTURE_AUTORELEASING = YES;
				CLANG_WARN_BOOL_CONVERSION = YES;
				CLANG_WARN_COMMA = YES;
				CLANG_WARN_CONSTANT_CONVERSION = YES;
				CLANG_WARN_DEPRECATED_OBJC_IMPLEMENTATIONS = YES;
				CLANG_WARN_DIRECT_OBJC_ISA_USAGE = YES_ERROR;
				CLANG_WARN_DOCUMENTATION_COMMENTS = YES;
				CLANG_WARN_EMPTY_BODY = YES;
				CLANG_WARN_ENUM_CONVERSION = YES;
				CLANG_WARN_INFINITE_RECURSION = YES;
				CLANG_WARN_INT_CONVERSION = YES;
				CLANG_WARN_NON_LITERAL_NULL_CONVERSION = YES;
				CLANG_WARN_OBJC_IMPLICIT_RETAIN_SELF = YES;
				CLANG_WARN_OBJC_LITERAL_CONVERSION = YES;
				CLANG_WARN_OBJC_ROOT_CLASS = YES_ERROR;
				CLANG_WARN_QUOTED_INCLUDE_IN_FRAMEWORK_HEADER = YES;
				CLANG_WARN_RANGE_LOOP_ANALYSIS = YES;
				CLANG_WARN_STRICT_PROTOTYPES = YES;
				CLANG_WARN_SUSPICIOUS_MOVE = YES;
				CLANG_WARN_UNGUARDED_AVAILABILITY = YES_AGGRESSIVE;
				CLANG_WARN_UNREACHABLE_CODE = YES;
				CLANG_WARN__DUPLICATE_METHOD_MATCH = YES;
				COPY_PHASE_STRIP = NO;
				DEBUG_INFORMATION_FORMAT = dwarf;
				DEVELOPMENT_TEAM = X6978V5936;
				ENABLE_STRICT_OBJC_MSGSEND = YES;
				ENABLE_TESTABILITY = YES;
				ENABLE_USER_SCRIPT_SANDBOXING = YES;
				GCC_C_LANGUAGE_STANDARD = gnu17;
				GCC_DYNAMIC_NO_PIC = NO;
				GCC_NO_COMMON_BLOCKS = YES;
				GCC_OPTIMIZATION_LEVEL = 0;
				GCC_PREPROCESSOR_DEFINITIONS = (
					"DEBUG=1",
					"$(inherited)",
				);
				GCC_WARN_64_TO_32_BIT_CONVERSION = YES;
				GCC_WARN_ABOUT_RETURN_TYPE = YES_ERROR;
				GCC_WARN_UNDECLARED_SELECTOR = YES;
				GCC_WARN_UNINITIALIZED_AUTOS = YES_AGGRESSIVE;
				GCC_WARN_UNUSED_FUNCTION = YES;
				GCC_WARN_UNUSED_VARIABLE = YES;
				IPHONEOS_DEPLOYMENT_TARGET = 18.4;
				LOCALIZATION_PREFERS_STRING_CATALOGS = YES;
				MTL_ENABLE_DEBUG_INFO = INCLUDE_SOURCE;
				MTL_FAST_MATH = YES;
				ONLY_ACTIVE_ARCH = YES;
				SDKROOT = iphoneos;
				SWIFT_ACTIVE_COMPILATION_CONDITIONS = "DEBUG $(inherited)";
				SWIFT_OPTIMIZATION_LEVEL = "-Onone";
			};
			name = Debug;
		};
		3D79E74E2DB6A3B1002FE927 /* Release */ = {
			isa = XCBuildConfiguration;
			buildSettings = {
				ALWAYS_SEARCH_USER_PATHS = NO;
				ASSETCATALOG_COMPILER_GENERATE_SWIFT_ASSET_SYMBOL_EXTENSIONS = YES;
				CLANG_ANALYZER_NONNULL = YES;
				CLANG_ANALYZER_NUMBER_OBJECT_CONVERSION = YES_AGGRESSIVE;
				CLANG_CXX_LANGUAGE_STANDARD = "gnu++20";
				CLANG_ENABLE_MODULES = YES;
				CLANG_ENABLE_OBJC_ARC = YES;
				CLANG_ENABLE_OBJC_WEAK = YES;
				CLANG_WARN_BLOCK_CAPTURE_AUTORELEASING = YES;
				CLANG_WARN_BOOL_CONVERSION = YES;
				CLANG_WARN_COMMA = YES;
				CLANG_WARN_CONSTANT_CONVERSION = YES;
				CLANG_WARN_DEPRECATED_OBJC_IMPLEMENTATIONS = YES;
				CLANG_WARN_DIRECT_OBJC_ISA_USAGE = YES_ERROR;
				CLANG_WARN_DOCUMENTATION_COMMENTS = YES;
				CLANG_WARN_EMPTY_BODY = YES;
				CLANG_WARN_ENUM_CONVERSION = YES;
				CLANG_WARN_INFINITE_RECURSION = YES;
				CLANG_WARN_INT_CONVERSION = YES;
				CLANG_WARN_NON_LITERAL_NULL_CONVERSION = YES;
				CLANG_WARN_OBJC_IMPLICIT_RETAIN_SELF = YES;
				CLANG_WARN_OBJC_LITERAL_CONVERSION = YES;
				CLANG_WARN_OBJC_ROOT_CLASS = YES_ERROR;
				CLANG_WARN_QUOTED_INCLUDE_IN_FRAMEWORK_HEADER = YES;
				CLANG_WARN_RANGE_LOOP_ANALYSIS = YES;
				CLANG_WARN_STRICT_PROTOTYPES = YES;
				CLANG_WARN_SUSPICIOUS_MOVE = YES;
				CLANG_WARN_UNGUARDED_AVAILABILITY = YES_AGGRESSIVE;
				CLANG_WARN_UNREACHABLE_CODE = YES;
				CLANG_WARN__DUPLICATE_METHOD_MATCH = YES;
				COPY_PHASE_STRIP = NO;
				DEBUG_INFORMATION_FORMAT = "dwarf-with-dsym";
				DEVELOPMENT_TEAM = X6978V5936;
				ENABLE_NS_ASSERTIONS = NO;
				ENABLE_STRICT_OBJC_MSGSEND = YES;
				ENABLE_USER_SCRIPT_SANDBOXING = YES;
				GCC_C_LANGUAGE_STANDARD = gnu17;
				GCC_NO_COMMON_BLOCKS = YES;
				GCC_WARN_64_TO_32_BIT_CONVERSION = YES;
				GCC_WARN_ABOUT_RETURN_TYPE = YES_ERROR;
				GCC_WARN_UNDECLARED_SELECTOR = YES;
				GCC_WARN_UNINITIALIZED_AUTOS = YES_AGGRESSIVE;
				GCC_WARN_UNUSED_FUNCTION = YES;
				GCC_WARN_UNUSED_VARIABLE = YES;
				IPHONEOS_DEPLOYMENT_TARGET = 18.4;
				LOCALIZATION_PREFERS_STRING_CATALOGS = YES;
				MTL_ENABLE_DEBUG_INFO = NO;
				MTL_FAST_MATH = YES;
				SDKROOT = iphoneos;
				SWIFT_COMPILATION_MODE = wholemodule;
				VALIDATE_PRODUCT = YES;
			};
			name = Release;
		};
		3D79E7502DB6A3B1002FE927 /* Debug */ = {
			isa = XCBuildConfiguration;
			buildSettings = {
				ASSETCATALOG_COMPILER_APPICON_NAME = AppIcon;
				ASSETCATALOG_COMPILER_GLOBAL_ACCENT_COLOR_NAME = AccentColor;
				CODE_SIGN_STYLE = Automatic;
				CURRENT_PROJECT_VERSION = 1;
				DEVELOPMENT_TEAM = X6978V5936;
				ENABLE_PREVIEWS = YES;
				GENERATE_INFOPLIST_FILE = YES;
				INFOPLIST_KEY_UIApplicationSceneManifest_Generation = YES;
				INFOPLIST_KEY_UIApplicationSupportsIndirectInputEvents = YES;
				INFOPLIST_KEY_UILaunchScreen_Generation = YES;
				INFOPLIST_KEY_UISupportedInterfaceOrientations_iPad = "UIInterfaceOrientationPortrait UIInterfaceOrientationPortraitUpsideDown UIInterfaceOrientationLandscapeLeft UIInterfaceOrientationLandscapeRight";
				INFOPLIST_KEY_UISupportedInterfaceOrientations_iPhone = "UIInterfaceOrientationPortrait UIInterfaceOrientationLandscapeLeft UIInterfaceOrientationLandscapeRight";
				LD_RUNPATH_SEARCH_PATHS = (
					"$(inherited)",
					"@executable_path/Frameworks",
				);
				MARKETING_VERSION = 1.0;
				PRODUCT_BUNDLE_IDENTIFIER = "com.kangkang.learning.Landmarks-dev";
				PRODUCT_NAME = "$(TARGET_NAME)";
				SWIFT_EMIT_LOC_STRINGS = YES;
				SWIFT_VERSION = 5.0;
				TARGETED_DEVICE_FAMILY = "1,2";
			};
			name = Debug;
		};
		3D79E7512DB6A3B1002FE927 /* Release */ = {
			isa = XCBuildConfiguration;
			buildSettings = {
				ASSETCATALOG_COMPILER_APPICON_NAME = AppIcon;
				ASSETCATALOG_COMPILER_GLOBAL_ACCENT_COLOR_NAME = AccentColor;
				CODE_SIGN_STYLE = Automatic;
				CURRENT_PROJECT_VERSION = 1;
				DEVELOPMENT_TEAM = X6978V5936;
				ENABLE_PREVIEWS = YES;
				GENERATE_INFOPLIST_FILE = YES;
				INFOPLIST_KEY_UIApplicationSceneManifest_Generation = YES;
				INFOPLIST_KEY_UIApplicationSupportsIndirectInputEvents = YES;
				INFOPLIST_KEY_UILaunchScreen_Generation = YES;
				INFOPLIST_KEY_UISupportedInterfaceOrientations_iPad = "UIInterfaceOrientationPortrait UIInterfaceOrientationPortraitUpsideDown UIInterfaceOrientationLandscapeLeft UIInterfaceOrientationLandscapeRight";
				INFOPLIST_KEY_UISupportedInterfaceOrientations_iPhone = "UIInterfaceOrientationPortrait UIInterfaceOrientationLandscapeLeft UIInterfaceOrientationLandscapeRight";
				LD_RUNPATH_SEARCH_PATHS = (
					"$(inherited)",
					"@executable_path/Frameworks",
				);
				MARKETING_VERSION = 1.0;
				PRODUCT_BUNDLE_IDENTIFIER = "com.kangkang.learning.Landmarks-dev";
				PRODUCT_NAME = "$(TARGET_NAME)";
				SWIFT_EMIT_LOC_STRINGS = YES;
				SWIFT_VERSION = 5.0;
				TARGETED_DEVICE_FAMILY = "1,2";
			};
			name = Release;
		};
		3D79E7532DB6A3B1002FE927 /* Debug */ = {
			isa = XCBuildConfiguration;
			buildSettings = {
				BUNDLE_LOADER = "$(TEST_HOST)";
				CODE_SIGN_STYLE = Automatic;
				CURRENT_PROJECT_VERSION = 1;
				DEVELOPMENT_TEAM = X6978V5936;
				GENERATE_INFOPLIST_FILE = YES;
				IPHONEOS_DEPLOYMENT_TARGET = 18.4;
				MARKETING_VERSION = 1.0;
				PRODUCT_BUNDLE_IDENTIFIER = "com.kangkang.learning.Landmarks-devTests";
				PRODUCT_NAME = "$(TARGET_NAME)";
				SWIFT_EMIT_LOC_STRINGS = NO;
				SWIFT_VERSION = 5.0;
				TARGETED_DEVICE_FAMILY = "1,2";
				TEST_HOST = "$(BUILT_PRODUCTS_DIR)/Landmarks-dev.app/$(BUNDLE_EXECUTABLE_FOLDER_PATH)/Landmarks-dev";
			};
			name = Debug;
		};
		3D79E7542DB6A3B1002FE927 /* Release */ = {
			isa = XCBuildConfiguration;
			buildSettings = {
				BUNDLE_LOADER = "$(TEST_HOST)";
				CODE_SIGN_STYLE = Automatic;
				CURRENT_PROJECT_VERSION = 1;
				DEVELOPMENT_TEAM = X6978V5936;
				GENERATE_INFOPLIST_FILE = YES;
				IPHONEOS_DEPLOYMENT_TARGET = 18.4;
				MARKETING_VERSION = 1.0;
				PRODUCT_BUNDLE_IDENTIFIER = "com.kangkang.learning.Landmarks-devTests";
				PRODUCT_NAME = "$(TARGET_NAME)";
				SWIFT_EMIT_LOC_STRINGS = NO;
				SWIFT_VERSION = 5.0;
				TARGETED_DEVICE_FAMILY = "1,2";
				TEST_HOST = "$(BUILT_PRODUCTS_DIR)/Landmarks-dev.app/$(BUNDLE_EXECUTABLE_FOLDER_PATH)/Landmarks-dev";
			};
			name = Release;
		};
		3D79E7562DB6A3B1002FE927 /* Debug */ = {
			isa = XCBuildConfiguration;
			buildSettings = {
				CODE_SIGN_STYLE = Automatic;
				CURRENT_PROJECT_VERSION = 1;
				DEVELOPMENT_TEAM = X6978V5936;
				GENERATE_INFOPLIST_FILE = YES;
				MARKETING_VERSION = 1.0;
				PRODUCT_BUNDLE_IDENTIFIER = "com.kangkang.learning.Landmarks-devUITests";
				PRODUCT_NAME = "$(TARGET_NAME)";
				SWIFT_EMIT_LOC_STRINGS = NO;
				SWIFT_VERSION = 5.0;
				TARGETED_DEVICE_FAMILY = "1,2";
				TEST_TARGET_NAME = "Landmarks-dev";
			};
			name = Debug;
		};
		3D79E7572DB6A3B1002FE927 /* Release */ = {
			isa = XCBuildConfiguration;
			buildSettings = {
				CODE_SIGN_STYLE = Automatic;
				CURRENT_PROJECT_VERSION = 1;
				DEVELOPMENT_TEAM = X6978V5936;
				GENERATE_INFOPLIST_FILE = YES;
				MARKETING_VERSION = 1.0;
				PRODUCT_BUNDLE_IDENTIFIER = "com.kangkang.learning.Landmarks-devUITests";
				PRODUCT_NAME = "$(TARGET_NAME)";
				SWIFT_EMIT_LOC_STRINGS = NO;
				SWIFT_VERSION = 5.0;
				TARGETED_DEVICE_FAMILY = "1,2";
				TEST_TARGET_NAME = "Landmarks-dev";
			};
			name = Release;
		};
/* End XCBuildConfiguration section */

/* Begin XCConfigurationList section */
		3D79E7272DB6A3AF002FE927 /* Build configuration list for PBXProject "Landmarks-dev" */ = {
			isa = XCConfigurationList;
			buildConfigurations = (
				3D79E74D2DB6A3B1002FE927 /* Debug */,
				3D79E74E2DB6A3B1002FE927 /* Release */,
			);
			defaultConfigurationIsVisible = 0;
			defaultConfigurationName = Release;
		};
		3D79E74F2DB6A3B1002FE927 /* Build configuration list for PBXNativeTarget "Landmarks-dev" */ = {
			isa = XCConfigurationList;
			buildConfigurations = (
				3D79E7502DB6A3B1002FE927 /* Debug */,
				3D79E7512DB6A3B1002FE927 /* Release */,
			);
			defaultConfigurationIsVisible = 0;
			defaultConfigurationName = Release;
		};
		3D79E7522DB6A3B1002FE927 /* Build configuration list for PBXNativeTarget "Landmarks-devTests" */ = {
			isa = XCConfigurationList;
			buildConfigurations = (
				3D79E7532DB6A3B1002FE927 /* Debug */,
				3D79E7542DB6A3B1002FE927 /* Release */,
			);
			defaultConfigurationIsVisible = 0;
			defaultConfigurationName = Release;
		};
		3D79E7552DB6A3B1002FE927 /* Build configuration list for PBXNativeTarget "Landmarks-devUITests" */ = {
			isa = XCConfigurationList;
			buildConfigurations = (
				3D79E7562DB6A3B1002FE927 /* Debug */,
				3D79E7572DB6A3B1002FE927 /* Release */,
			);
			defaultConfigurationIsVisible = 0;
			defaultConfigurationName = Release;
		};
/* End XCConfigurationList section */
	};
	rootObject = 3D79E7242DB6A3AF002FE927 /* Project object */;
}
